
Microsoft Visual Studio Solution File, Format Version 12.00
# Visual Studio Version 17
VisualStudioVersion = 17.14.37614.0 d17.14
MinimumVisualStudioVersion = 10.0.40219.1
Project("{FAE04EC0-301F-11D3-BF4B-00C04F79EFBC}") = "API", "API.csproj", "{9892B1EC-77E7-4655-A773-43720CA83A6D}"
EndProject
Global
	GlobalSection(SolutionConfigurationPlatforms) = preSolution
		Debug|Any CPU = Debug|Any CPU
		Release|Any CPU = Release|Any CPU
	EndGlobalSection
	GlobalSection(ProjectConfigurationPlatforms) = postSolution
		{9892B1EC-77E7-4655-A773-43720CA83A6D}.Debug|Any CPU.ActiveCfg = Debug|Any CPU
		{9892B1EC-77E7-4655-A773-43720CA83A6D}.Debug|Any CPU.Build.0 = Debug|Any CPU
		{9892B1EC-77E7-4655-A773-43720CA83A6D}.Release|Any CPU.ActiveCfg = Release|Any CPU
		{9892B1EC-77E7-4655-A773-43720CA83A6D}.Release|Any CPU.Build.0 = Release|Any CPU
	EndGlobalSection
	GlobalSection(SolutionProperties) = preSolution
		HideSolutionNode = FALSE
	EndGlobalSection
	GlobalSection(ExtensibilityGlobals) = postSolution
		SolutionGuid = {70486DC4-F984-4BAC-A8C3-E1740075B485}
	EndGlobalSection
EndGlobal
